{
  "name": "day-to-day-assistant",
  "version": "0.0.0",
  "lockfileVersion": 3,
  "requires": true,
  "packages": {
    "": {
      "name": "day-to-day-assistant",
      "version": "0.0.0",
      "workspaces": [
        "apps/web",
        "packages/contracts",
        "packages/design-tokens",
        "packages/shared-types"
      ],
      "engines": {
        "node": ">=20",
        "python": ">=3.11"
      }
    },
    "apps/web": {
      "name": "@d2d/web",
      "version": "0.0.0"
    },
    "node_modules/@d2d/contracts": {
      "resolved": "packages/contracts",
      "link": true
    },
    "node_modules/@d2d/design-tokens": {
      "resolved": "packages/design-tokens",
      "link": true
    },
    "node_modules/@d2d/shared-types": {
      "resolved": "packages/shared-types",
      "link": true
    },
    "node_modules/@d2d/web": {
      "resolved": "apps/web",
      "link": true
    },
    "packages/contracts": {
      "name": "@d2d/contracts",
      "version": "0.0.0"
    },
    "packages/design-tokens": {
      "name": "@d2d/design-tokens",
      "version": "0.1.0"
    },
    "packages/shared-types": {
      "name": "@d2d/shared-types",
      "version": "0.0.0"
    }
  }
}
